
Microsoft Visual Studio Solution File, Format Version 12.00
# Visual Studio Version 17
VisualStudioVersion = 17.4.33213.308
MinimumVisualStudioVersion = 10.0.40219.1
Project("{9A19103F-16F7-4668-BE54-9A1E7A4F7556}") = "CodingChallenge", "CodingChallenge\CodingChallenge.csproj", "{BA2BFC28-9B14-40F2-81E5-CDE1B963E51D}"
EndProject
Project("{FAE04EC0-301F-11D3-BF4B-00C04F79EFBC}") = "UnitTests", "UnitTests\UnitTests.csproj", "{92D76616-13DC-4D86-8DC6-F0DF5A2D987C}"
EndProject
Global
	GlobalSection(SolutionConfigurationPlatforms) = preSolution
		Debug|Any CPU = Debug|Any CPU
		Release|Any CPU = Release|Any CPU
	EndGlobalSection
	GlobalSection(ProjectConfigurationPlatforms) = postSolution
		{BA2BFC28-9B14-40F2-81E5-CDE1B963E51D}.Debug|Any CPU.ActiveCfg = Debug|Any CPU
		{BA2BFC28-9B14-40F2-81E5-CDE1B963E51D}.Debug|Any CPU.Build.0 = Debug|Any CPU
		{BA2BFC28-9B14-40F2-81E5-CDE1B963E51D}.Release|Any CPU.ActiveCfg = Release|Any CPU
		{BA2BFC28-9B14-40F2-81E5-CDE1B963E51D}.Release|Any CPU.Build.0 = Release|Any CPU
		{92D76616-13DC-4D86-8DC6-F0DF5A2D987C}.Debug|Any CPU.ActiveCfg = Debug|Any CPU
		{92D76616-13DC-4D86-8DC6-F0DF5A2D987C}.Debug|Any CPU.Build.0 = Debug|Any CPU
		{92D76616-13DC-4D86-8DC6-F0DF5A2D987C}.Release|Any CPU.ActiveCfg = Release|Any CPU
		{92D76616-13DC-4D86-8DC6-F0DF5A2D987C}.Release|Any CPU.Build.0 = Release|Any CPU
	EndGlobalSection
	GlobalSection(SolutionProperties) = preSolution
		HideSolutionNode = FALSE
	EndGlobalSection
	GlobalSection(ExtensibilityGlobals) = postSolution
		SolutionGuid = {8C5807C2-150B-47F2-A876-CB313FD8F9A6}
	EndGlobalSection
EndGlobal
